// !$*UTF8*$!
{
	archiveVersion = 1;
	classes = {
	};
	objectVersion = 50;
	objects = {

/* Begin PBXBuildFile section */
		B60B01D824D45806001E057C /* UIImageViewExtension.swift in Sources */ = {isa = PBXBuildFile; fileRef = B60B01D724D45806001E057C /* UIImageViewExtension.swift */; };
		B619E01324D7FA66008E3353 /* UILabelExtension.swift in Sources */ = {isa = PBXBuildFile; fileRef = B619E01224D7FA66008E3353 /* UILabelExtension.swift */; };
		B629C39824D3F9D300ECAF18 /* UIViewControllerExtension.swift in Sources */ = {isa = PBXBuildFile; fileRef = B629C39724D3F9D300ECAF18 /* UIViewControllerExtension.swift */; };
		B629C39F24D4008900ECAF18 /* SearchViewController.swift in Sources */ = {isa = PBXBuildFile; fileRef = B629C39E24D4008900ECAF18 /* SearchViewController.swift */; };
		B62F3AB824D43F52009BE6D5 /* SingleViewViewController.swift in Sources */ = {isa = PBXBuildFile; fileRef = B62F3AB724D43F52009BE6D5 /* SingleViewViewController.swift */; };
		B63BF2C824D1331E003107F7 /* AppDelegate.swift in Sources */ = {isa = PBXBuildFile; fileRef = B63BF2C724D1331E003107F7 /* AppDelegate.swift */; };
		B63BF2CA24D1331E003107F7 /* SceneDelegate.swift in Sources */ = {isa = PBXBuildFile; fileRef = B63BF2C924D1331E003107F7 /* SceneDelegate.swift */; };
		B63BF2CF24D1331E003107F7 /* Main.storyboard in Resources */ = {isa = PBXBuildFile; fileRef = B63BF2CD24D1331E003107F7 /* Main.storyboard */; };
		B63BF2D124D1331F003107F7 /* Assets.xcassets in Resources */ = {isa = PBXBuildFile; fileRef = B63BF2D024D1331F003107F7 /* Assets.xcassets */; };
		B63BF2D424D1331F003107F7 /* LaunchScreen.storyboard in Resources */ = {isa = PBXBuildFile; fileRef = B63BF2D224D1331F003107F7 /* LaunchScreen.storyboard */; };
		B63BF2DF24D1331F003107F7 /* PokemonTests.swift in Sources */ = {isa = PBXBuildFile; fileRef = B63BF2DE24D1331F003107F7 /* PokemonTests.swift */; };
		B643EEDF24D8269900F71AF1 /* Colours.xcassets in Resources */ = {isa = PBXBuildFile; fileRef = B643EEDE24D8269900F71AF1 /* Colours.xcassets */; };
		B65BFA3224D5F1AC00AF8AE2 /* SearchViewModelable.swift in Sources */ = {isa = PBXBuildFile; fileRef = B65BFA3124D5F1AC00AF8AE2 /* SearchViewModelable.swift */; };
		B6B1597824D415C100A7112F /* SearchViewModel.swift in Sources */ = {isa = PBXBuildFile; fileRef = B6B1597724D415C100A7112F /* SearchViewModel.swift */; };
		B6B1597A24D415F700A7112F /* SearchViewable.swift in Sources */ = {isa = PBXBuildFile; fileRef = B6B1597924D415F700A7112F /* SearchViewable.swift */; };
		B6BF71FF24D5F86100F1B918 /* SingleViewModelable.swift in Sources */ = {isa = PBXBuildFile; fileRef = B6BF71FE24D5F86100F1B918 /* SingleViewModelable.swift */; };
		B6BF720324D6047400F1B918 /* UICollectionViewExtension.swift in Sources */ = {isa = PBXBuildFile; fileRef = B6BF720224D6047400F1B918 /* UICollectionViewExtension.swift */; };
		B6C8D5EF24D3568500F9CAC5 /* SinglePokemonModel.swift in Sources */ = {isa = PBXBuildFile; fileRef = B6C8D5EE24D3568500F9CAC5 /* SinglePokemonModel.swift */; };
		B6C8D5F124D3592300F9CAC5 /* PokedexCollectionViewController.swift in Sources */ = {isa = PBXBuildFile; fileRef = B6C8D5F024D3592300F9CAC5 /* PokedexCollectionViewController.swift */; };
		B6C8D5F424D3626A00F9CAC5 /* CollectionViewCell.swift in Sources */ = {isa = PBXBuildFile; fileRef = B6C8D5F324D3626A00F9CAC5 /* CollectionViewCell.swift */; };
		B6C91C7824D5B99E00B0424C /* SingleViewViewModel.swift in Sources */ = {isa = PBXBuildFile; fileRef = B6C91C7724D5B99E00B0424C /* SingleViewViewModel.swift */; };
		B6C91C7A24D5BA3600B0424C /* SingleViewable.swift in Sources */ = {isa = PBXBuildFile; fileRef = B6C91C7924D5BA3600B0424C /* SingleViewable.swift */; };
		B6D285C224D33CC7004B68F4 /* Repository.swift in Sources */ = {isa = PBXBuildFile; fileRef = B6D285C124D33CC7004B68F4 /* Repository.swift */; };
		B6D285C524D33D16004B68F4 /* Repositorable.swift in Sources */ = {isa = PBXBuildFile; fileRef = B6D285C424D33D16004B68F4 /* Repositorable.swift */; };
		B6D285C724D33D98004B68F4 /* PokedexViewModel.swift in Sources */ = {isa = PBXBuildFile; fileRef = B6D285C624D33D98004B68F4 /* PokedexViewModel.swift */; };
		B6D285C924D33DD3004B68F4 /* PokedexViewModelable.swift in Sources */ = {isa = PBXBuildFile; fileRef = B6D285C824D33DD3004B68F4 /* PokedexViewModelable.swift */; };
		B6D285CB24D33E0A004B68F4 /* PokedexViewable.swift in Sources */ = {isa = PBXBuildFile; fileRef = B6D285CA24D33E0A004B68F4 /* PokedexViewable.swift */; };
		B6DF9A9724D16E9700975DC2 /* HttpService.swift in Sources */ = {isa = PBXBuildFile; fileRef = B6DF9A9624D16E9700975DC2 /* HttpService.swift */; };
		B6DF9A9924D1704300975DC2 /* PokemonResponseModel.swift in Sources */ = {isa = PBXBuildFile; fileRef = B6DF9A9824D1704300975DC2 /* PokemonResponseModel.swift */; };
		B6DF9A9B24D171A400975DC2 /* httpServiceType.swift in Sources */ = {isa = PBXBuildFile; fileRef = B6DF9A9A24D171A400975DC2 /* httpServiceType.swift */; };
		B6DF9AA224D17B7A00975DC2 /* endpoints.swift in Sources */ = {isa = PBXBuildFile; fileRef = B6DF9AA124D17B7A00975DC2 /* endpoints.swift */; };
		B6EF72FA24D805EB00590BE9 /* GlobalStrings.strings in Resources */ = {isa = PBXBuildFile; fileRef = B6EF72F924D805EB00590BE9 /* GlobalStrings.strings */; };
		B6EF72FC24D80C1B00590BE9 /* StringExtension.swift in Sources */ = {isa = PBXBuildFile; fileRef = B6EF72FB24D80C1B00590BE9 /* StringExtension.swift */; };
		B6EF72FF24D80EC900590BE9 /* CellConstants.swift in Sources */ = {isa = PBXBuildFile; fileRef = B6EF72FE24D80EC900590BE9 /* CellConstants.swift */; };
/* End PBXBuildFile section */

/* Begin PBXContainerItemProxy section */
		B63BF2DB24D1331F003107F7 /* PBXContainerItemProxy */ = {
			isa = PBXContainerItemProxy;
			containerPortal = B63BF2BC24D1331E003107F7 /* Project object */;
			proxyType = 1;
			remoteGlobalIDString = B63BF2C324D1331E003107F7;
			remoteInfo = Pokemon;
		};
/* End PBXContainerItemProxy section */

/* Begin PBXFileReference section */
		B60B01D724D45806001E057C /* UIImageViewExtension.swift */ = {isa = PBXFileReference; lastKnownFileType = sourcecode.swift; path = UIImageViewExtension.swift; sourceTree = "<group>"; };
		B619E01224D7FA66008E3353 /* UILabelExtension.swift */ = {isa = PBXFileReference; lastKnownFileType = sourcecode.swift; path = UILabelExtension.swift; sourceTree = "<group>"; };
		B629C39724D3F9D300ECAF18 /* UIViewControllerExtension.swift */ = {isa = PBXFileReference; lastKnownFileType = sourcecode.swift; path = UIViewControllerExtension.swift; sourceTree = "<group>"; };
		B629C39E24D4008900ECAF18 /* SearchViewController.swift */ = {isa = PBXFileReference; lastKnownFileType = sourcecode.swift; path = SearchViewController.swift; sourceTree = "<group>"; };
		B62F3AB724D43F52009BE6D5 /* SingleViewViewController.swift */ = {isa = PBXFileReference; lastKnownFileType = sourcecode.swift; name = SingleViewViewController.swift; path = Pokemon/Favourites/ViewController/SingleViewViewController.swift; sourceTree = SOURCE_ROOT; };
		B63BF2C424D1331E003107F7 /* Pokemon.app */ = {isa = PBXFileReference; explicitFileType = wrapper.application; includeInIndex = 0; path = Pokemon.app; sourceTree = BUILT_PRODUCTS_DIR; };
		B63BF2C724D1331E003107F7 /* AppDelegate.swift */ = {isa = PBXFileReference; lastKnownFileType = sourcecode.swift; path = AppDelegate.swift; sourceTree = "<group>"; };
		B63BF2C924D1331E003107F7 /* SceneDelegate.swift */ = {isa = PBXFileReference; lastKnownFileType = sourcecode.swift; path = SceneDelegate.swift; sourceTree = "<group>"; };
		B63BF2CE24D1331E003107F7 /* Base */ = {isa = PBXFileReference; lastKnownFileType = file.storyboard; name = Base; path = Base.lproj/Main.storyboard; sourceTree = "<group>"; };
		B63BF2D024D1331F003107F7 /* Assets.xcassets */ = {isa = PBXFileReference; lastKnownFileType = folder.assetcatalog; path = Assets.xcassets; sourceTree = "<group>"; };
		B63BF2D324D1331F003107F7 /* Base */ = {isa = PBXFileReference; lastKnownFileType = file.storyboard; name = Base; path = Base.lproj/LaunchScreen.storyboard; sourceTree = "<group>"; };
		B63BF2D524D1331F003107F7 /* Info.plist */ = {isa = PBXFileReference; lastKnownFileType = text.plist.xml; path = Info.plist; sourceTree = "<group>"; };
		B63BF2DA24D1331F003107F7 /* PokemonTests.xctest */ = {isa = PBXFileReference; explicitFileType = wrapper.cfbundle; includeInIndex = 0; path = PokemonTests.xctest; sourceTree = BUILT_PRODUCTS_DIR; };
		B63BF2DE24D1331F003107F7 /* PokemonTests.swift */ = {isa = PBXFileReference; lastKnownFileType = sourcecode.swift; path = PokemonTests.swift; sourceTree = "<group>"; };
		B63BF2E024D1331F003107F7 /* Info.plist */ = {isa = PBXFileReference; lastKnownFileType = text.plist.xml; path = Info.plist; sourceTree = "<group>"; };
		B643EEDE24D8269900F71AF1 /* Colours.xcassets */ = {isa = PBXFileReference; lastKnownFileType = folder.assetcatalog; path = Colours.xcassets; sourceTree = "<group>"; };
		B65BFA3124D5F1AC00AF8AE2 /* SearchViewModelable.swift */ = {isa = PBXFileReference; lastKnownFileType = sourcecode.swift; name = SearchViewModelable.swift; path = Pokemon/Extension/SearchViewModelable.swift; sourceTree = SOURCE_ROOT; };
		B6B1597724D415C100A7112F /* SearchViewModel.swift */ = {isa = PBXFileReference; lastKnownFileType = sourcecode.swift; name = SearchViewModel.swift; path = Pokemon/Favourites/ViewController/SearchViewModel.swift; sourceTree = SOURCE_ROOT; };
		B6B1597924D415F700A7112F /* SearchViewable.swift */ = {isa = PBXFileReference; lastKnownFileType = sourcecode.swift; name = SearchViewable.swift; path = Pokemon/Favourites/ViewController/SearchViewable.swift; sourceTree = SOURCE_ROOT; };
		B6BF71FE24D5F86100F1B918 /* SingleViewModelable.swift */ = {isa = PBXFileReference; lastKnownFileType = sourcecode.swift; name = SingleViewModelable.swift; path = Protocols/SingleViewModelable.swift; sourceTree = SOURCE_ROOT; };
		B6BF720224D6047400F1B918 /* UICollectionViewExtension.swift */ = {isa = PBXFileReference; lastKnownFileType = sourcecode.swift; path = UICollectionViewExtension.swift; sourceTree = "<group>"; };
		B6C8D5EE24D3568500F9CAC5 /* SinglePokemonModel.swift */ = {isa = PBXFileReference; lastKnownFileType = sourcecode.swift; path = SinglePokemonModel.swift; sourceTree = "<group>"; };
		B6C8D5F024D3592300F9CAC5 /* PokedexCollectionViewController.swift */ = {isa = PBXFileReference; lastKnownFileType = sourcecode.swift; path = PokedexCollectionViewController.swift; sourceTree = "<group>"; };
		B6C8D5F324D3626A00F9CAC5 /* CollectionViewCell.swift */ = {isa = PBXFileReference; lastKnownFileType = sourcecode.swift; path = CollectionViewCell.swift; sourceTree = "<group>"; };
		B6C91C7724D5B99E00B0424C /* SingleViewViewModel.swift */ = {isa = PBXFileReference; lastKnownFileType = sourcecode.swift; name = SingleViewViewModel.swift; path = Pokemon/Extension/SingleViewViewModel.swift; sourceTree = SOURCE_ROOT; };
		B6C91C7924D5BA3600B0424C /* SingleViewable.swift */ = {isa = PBXFileReference; lastKnownFileType = sourcecode.swift; name = SingleViewable.swift; path = Pokemon/Extension/SingleViewable.swift; sourceTree = SOURCE_ROOT; };
		B6D285C124D33CC7004B68F4 /* Repository.swift */ = {isa = PBXFileReference; lastKnownFileType = sourcecode.swift; path = Repository.swift; sourceTree = "<group>"; };
		B6D285C424D33D16004B68F4 /* Repositorable.swift */ = {isa = PBXFileReference; lastKnownFileType = sourcecode.swift; path = Repositorable.swift; sourceTree = "<group>"; };
		B6D285C624D33D98004B68F4 /* PokedexViewModel.swift */ = {isa = PBXFileReference; lastKnownFileType = sourcecode.swift; path = PokedexViewModel.swift; sourceTree = "<group>"; };
		B6D285C824D33DD3004B68F4 /* PokedexViewModelable.swift */ = {isa = PBXFileReference; lastKnownFileType = sourcecode.swift; path = PokedexViewModelable.swift; sourceTree = "<group>"; };
		B6D285CA24D33E0A004B68F4 /* PokedexViewable.swift */ = {isa = PBXFileReference; lastKnownFileType = sourcecode.swift; path = PokedexViewable.swift; sourceTree = "<group>"; };
		B6DF9A9624D16E9700975DC2 /* HttpService.swift */ = {isa = PBXFileReference; lastKnownFileType = sourcecode.swift; path = HttpService.swift; sourceTree = "<group>"; };
		B6DF9A9824D1704300975DC2 /* PokemonResponseModel.swift */ = {isa = PBXFileReference; lastKnownFileType = sourcecode.swift; path = PokemonResponseModel.swift; sourceTree = "<group>"; };
		B6DF9A9A24D171A400975DC2 /* httpServiceType.swift */ = {isa = PBXFileReference; lastKnownFileType = sourcecode.swift; path = httpServiceType.swift; sourceTree = "<group>"; };
		B6DF9AA124D17B7A00975DC2 /* endpoints.swift */ = {isa = PBXFileReference; lastKnownFileType = sourcecode.swift; path = endpoints.swift; sourceTree = "<group>"; };
		B6EF72F924D805EB00590BE9 /* GlobalStrings.strings */ = {isa = PBXFileReference; lastKnownFileType = text.plist.strings; path = GlobalStrings.strings; sourceTree = "<group>"; };
		B6EF72FB24D80C1B00590BE9 /* StringExtension.swift */ = {isa = PBXFileReference; lastKnownFileType = sourcecode.swift; path = StringExtension.swift; sourceTree = "<group>"; };
		B6EF72FE24D80EC900590BE9 /* CellConstants.swift */ = {isa = PBXFileReference; lastKnownFileType = sourcecode.swift; path = CellConstants.swift; sourceTree = "<group>"; };
/* End PBXFileReference section */

/* Begin PBXFrameworksBuildPhase section */
		B63BF2C124D1331E003107F7 /* Frameworks */ = {
			isa = PBXFrameworksBuildPhase;
			buildActionMask = 2147483647;
			files = (
			);
			runOnlyForDeploymentPostprocessing = 0;
		};
		B63BF2D724D1331F003107F7 /* Frameworks */ = {
			isa = PBXFrameworksBuildPhase;
			buildActionMask = 2147483647;
			files = (
			);
			runOnlyForDeploymentPostprocessing = 0;
		};
/* End PBXFrameworksBuildPhase section */

/* Begin PBXGroup section */
		B629C39624D3F9BE00ECAF18 /* Extension */ = {
			isa = PBXGroup;
			children = (
				B629C39724D3F9D300ECAF18 /* UIViewControllerExtension.swift */,
				B60B01D724D45806001E057C /* UIImageViewExtension.swift */,
				B6BF720224D6047400F1B918 /* UICollectionViewExtension.swift */,
				B619E01224D7FA66008E3353 /* UILabelExtension.swift */,
				B6EF72FB24D80C1B00590BE9 /* StringExtension.swift */,
			);
			path = Extension;
			sourceTree = "<group>";
		};
		B629C39924D4000900ECAF18 /* SearchPokemon */ = {
			isa = PBXGroup;
			children = (
				B629C39C24D4002800ECAF18 /* ViewModel */,
				B629C39B24D4001F00ECAF18 /* ViewController */,
				B629C39A24D4001800ECAF18 /* Protocols */,
			);
			path = SearchPokemon;
			sourceTree = "<group>";
		};
		B629C39A24D4001800ECAF18 /* Protocols */ = {
			isa = PBXGroup;
			children = (
				B6B1597924D415F700A7112F /* SearchViewable.swift */,
				B65BFA3124D5F1AC00AF8AE2 /* SearchViewModelable.swift */,
			);
			path = Protocols;
			sourceTree = "<group>";
		};
		B629C39B24D4001F00ECAF18 /* ViewController */ = {
			isa = PBXGroup;
			children = (
				B629C39E24D4008900ECAF18 /* SearchViewController.swift */,
			);
			path = ViewController;
			sourceTree = "<group>";
		};
		B629C39C24D4002800ECAF18 /* ViewModel */ = {
			isa = PBXGroup;
			children = (
				B6B1597724D415C100A7112F /* SearchViewModel.swift */,
			);
			path = ViewModel;
			sourceTree = "<group>";
		};
		B63BF2BB24D1331E003107F7 = {
			isa = PBXGroup;
			children = (
				B63BF2C624D1331E003107F7 /* Pokemon */,
				B63BF2DD24D1331F003107F7 /* PokemonTests */,
				B63BF2C524D1331E003107F7 /* Products */,
			);
			sourceTree = "<group>";
		};
		B63BF2C524D1331E003107F7 /* Products */ = {
			isa = PBXGroup;
			children = (
				B63BF2C424D1331E003107F7 /* Pokemon.app */,
				B63BF2DA24D1331F003107F7 /* PokemonTests.xctest */,
			);
			name = Products;
			sourceTree = "<group>";
		};
		B63BF2C624D1331E003107F7 /* Pokemon */ = {
			isa = PBXGroup;
			children = (
				B6EF72FD24D80EA600590BE9 /* Constants */,
				B6EF72F824D805D000590BE9 /* Strings */,
				B6C8D5F224D3625200F9CAC5 /* UICollectionViewCell */,
				B629C39624D3F9BE00ECAF18 /* Extension */,
				B6AA779924D43A1B00934936 /* SingleView */,
				B629C39924D4000900ECAF18 /* SearchPokemon */,
				B6D285BD24D33C20004B68F4 /* Pokedex */,
				B6D285BE24D33C7A004B68F4 /* Repository */,
				B6DF9A9C24D17AF500975DC2 /* Service Layer */,
				B63BF2C724D1331E003107F7 /* AppDelegate.swift */,
				B63BF2C924D1331E003107F7 /* SceneDelegate.swift */,
				B63BF2CD24D1331E003107F7 /* Main.storyboard */,
				B63BF2D024D1331F003107F7 /* Assets.xcassets */,
				B643EEDE24D8269900F71AF1 /* Colours.xcassets */,
				B63BF2D224D1331F003107F7 /* LaunchScreen.storyboard */,
				B63BF2D524D1331F003107F7 /* Info.plist */,
			);
			path = Pokemon;
			sourceTree = "<group>";
		};
		B63BF2DD24D1331F003107F7 /* PokemonTests */ = {
			isa = PBXGroup;
			children = (
				B63BF2DE24D1331F003107F7 /* PokemonTests.swift */,
				B63BF2E024D1331F003107F7 /* Info.plist */,
			);
			path = PokemonTests;
			sourceTree = "<group>";
		};
		B69A936424D5ED09005F80D0 /* Protocol */ = {
			isa = PBXGroup;
			children = (
				B6D285C424D33D16004B68F4 /* Repositorable.swift */,
			);
			path = Protocol;
			sourceTree = "<group>";
		};
		B6AA779924D43A1B00934936 /* SingleView */ = {
			isa = PBXGroup;
			children = (
				B6AA779D24D43A4200934936 /* Protocols */,
				B6AA779C24D43A3800934936 /* ViewController */,
				B6AA779A24D43A2800934936 /* ViewModel */,
			);
			path = SingleView;
			sourceTree = "<group>";
		};
		B6AA779A24D43A2800934936 /* ViewModel */ = {
			isa = PBXGroup;
			children = (
				B6C91C7724D5B99E00B0424C /* SingleViewViewModel.swift */,
			);
			path = ViewModel;
			sourceTree = "<group>";
		};
		B6AA779C24D43A3800934936 /* ViewController */ = {
			isa = PBXGroup;
			children = (
				B62F3AB724D43F52009BE6D5 /* SingleViewViewController.swift */,
			);
			path = ViewController;
			sourceTree = "<group>";
		};
		B6AA779D24D43A4200934936 /* Protocols */ = {
			isa = PBXGroup;
			children = (
				B6C91C7924D5BA3600B0424C /* SingleViewable.swift */,
				B6BF71FE24D5F86100F1B918 /* SingleViewModelable.swift */,
			);
			path = Protocols;
			sourceTree = "<group>";
		};
		B6C8D5F224D3625200F9CAC5 /* UICollectionViewCell */ = {
			isa = PBXGroup;
			children = (
				B6C8D5F324D3626A00F9CAC5 /* CollectionViewCell.swift */,
			);
			path = UICollectionViewCell;
			sourceTree = "<group>";
		};
		B6D285BC24D33C15004B68F4 /* Service */ = {
			isa = PBXGroup;
			children = (
				B6DF9A9624D16E9700975DC2 /* HttpService.swift */,
			);
			path = Service;
			sourceTree = "<group>";
		};
		B6D285BD24D33C20004B68F4 /* Pokedex */ = {
			isa = PBXGroup;
			children = (
				B6D285C324D33CDB004B68F4 /* Protocols */,
				B6D285C024D33C91004B68F4 /* ViewController */,
				B6D285BF24D33C82004B68F4 /* ViewModel */,
			);
			path = Pokedex;
			sourceTree = "<group>";
		};
		B6D285BE24D33C7A004B68F4 /* Repository */ = {
			isa = PBXGroup;
			children = (
				B69A936424D5ED09005F80D0 /* Protocol */,
				B6D285C124D33CC7004B68F4 /* Repository.swift */,
			);
			path = Repository;
			sourceTree = "<group>";
		};
		B6D285BF24D33C82004B68F4 /* ViewModel */ = {
			isa = PBXGroup;
			children = (
				B6D285C624D33D98004B68F4 /* PokedexViewModel.swift */,
			);
			path = ViewModel;
			sourceTree = "<group>";
		};
		B6D285C024D33C91004B68F4 /* ViewController */ = {
			isa = PBXGroup;
			children = (
				B6C8D5F024D3592300F9CAC5 /* PokedexCollectionViewController.swift */,
			);
			path = ViewController;
			sourceTree = "<group>";
		};
		B6D285C324D33CDB004B68F4 /* Protocols */ = {
			isa = PBXGroup;
			children = (
				B6D285C824D33DD3004B68F4 /* PokedexViewModelable.swift */,
				B6D285CA24D33E0A004B68F4 /* PokedexViewable.swift */,
			);
			path = Protocols;
			sourceTree = "<group>";
		};
		B6DF9A9C24D17AF500975DC2 /* Service Layer */ = {
			isa = PBXGroup;
			children = (
				B6D285BC24D33C15004B68F4 /* Service */,
				B6DF9AA024D17B6300975DC2 /* Endpoints */,
				B6DF9A9F24D17B3300975DC2 /* Models */,
				B6DF9A9E24D17B1900975DC2 /* Protocol */,
			);
			path = "Service Layer";
			sourceTree = "<group>";
		};
		B6DF9A9E24D17B1900975DC2 /* Protocol */ = {
			isa = PBXGroup;
			children = (
				B6DF9A9A24D171A400975DC2 /* httpServiceType.swift */,
			);
			path = Protocol;
			sourceTree = "<group>";
		};
		B6DF9A9F24D17B3300975DC2 /* Models */ = {
			isa = PBXGroup;
			children = (
				B6DF9A9824D1704300975DC2 /* PokemonResponseModel.swift */,
				B6C8D5EE24D3568500F9CAC5 /* SinglePokemonModel.swift */,
			);
			path = Models;
			sourceTree = "<group>";
		};
		B6DF9AA024D17B6300975DC2 /* Endpoints */ = {
			isa = PBXGroup;
			children = (
				B6DF9AA124D17B7A00975DC2 /* endpoints.swift */,
			);
			path = Endpoints;
			sourceTree = "<group>";
		};
		B6EF72F824D805D000590BE9 /* Strings */ = {
			isa = PBXGroup;
			children = (
				B6EF72F924D805EB00590BE9 /* GlobalStrings.strings */,
			);
			path = Strings;
			sourceTree = "<group>";
		};
		B6EF72FD24D80EA600590BE9 /* Constants */ = {
			isa = PBXGroup;
			children = (
				B6EF72FE24D80EC900590BE9 /* CellConstants.swift */,
			);
			path = Constants;
			sourceTree = "<group>";
		};
/* End PBXGroup section */

/* Begin PBXNativeTarget section */
		B63BF2C324D1331E003107F7 /* Pokemon */ = {
			isa = PBXNativeTarget;
			buildConfigurationList = B63BF2E324D1331F003107F7 /* Build configuration list for PBXNativeTarget "Pokemon" */;
			buildPhases = (
				B63BF2C024D1331E003107F7 /* Sources */,
				B63BF2C124D1331E003107F7 /* Frameworks */,
				B63BF2C224D1331E003107F7 /* Resources */,
			);
			buildRules = (
			);
			dependencies = (
			);
			name = Pokemon;
			productName = Pokemon;
			productReference = B63BF2C424D1331E003107F7 /* Pokemon.app */;
			productType = "com.apple.product-type.application";
		};
		B63BF2D924D1331F003107F7 /* PokemonTests */ = {
			isa = PBXNativeTarget;
			buildConfigurationList = B63BF2E624D1331F003107F7 /* Build configuration list for PBXNativeTarget "PokemonTests" */;
			buildPhases = (
				B63BF2D624D1331F003107F7 /* Sources */,
				B63BF2D724D1331F003107F7 /* Frameworks */,
				B63BF2D824D1331F003107F7 /* Resources */,
			);
			buildRules = (
			);
			dependencies = (
				B63BF2DC24D1331F003107F7 /* PBXTargetDependency */,
			);
			name = PokemonTests;
			productName = PokemonTests;
			productReference = B63BF2DA24D1331F003107F7 /* PokemonTests.xctest */;
			productType = "com.apple.product-type.bundle.unit-test";
		};
/* End PBXNativeTarget section */

/* Begin PBXProject section */
		B63BF2BC24D1331E003107F7 /* Project object */ = {
			isa = PBXProject;
			attributes = {
				LastSwiftUpdateCheck = 1150;
				LastUpgradeCheck = 1150;
				ORGANIZATIONNAME = DVT;
				TargetAttributes = {
					B63BF2C324D1331E003107F7 = {
						CreatedOnToolsVersion = 11.5;
					};
					B63BF2D924D1331F003107F7 = {
						CreatedOnToolsVersion = 11.5;
						TestTargetID = B63BF2C324D1331E003107F7;
					};
				};
			};
			buildConfigurationList = B63BF2BF24D1331E003107F7 /* Build configuration list for PBXProject "Pokemon" */;
			compatibilityVersion = "Xcode 9.3";
			developmentRegion = en;
			hasScannedForEncodings = 0;
			knownRegions = (
				en,
				Base,
			);
			mainGroup = B63BF2BB24D1331E003107F7;
			productRefGroup = B63BF2C524D1331E003107F7 /* Products */;
			projectDirPath = "";
			projectRoot = "";
			targets = (
				B63BF2C324D1331E003107F7 /* Pokemon */,
				B63BF2D924D1331F003107F7 /* PokemonTests */,
			);
		};
/* End PBXProject section */

/* Begin PBXResourcesBuildPhase section */
		B63BF2C224D1331E003107F7 /* Resources */ = {
			isa = PBXResourcesBuildPhase;
			buildActionMask = 2147483647;
			files = (
				B6EF72FA24D805EB00590BE9 /* GlobalStrings.strings in Resources */,
				B643EEDF24D8269900F71AF1 /* Colours.xcassets in Resources */,
				B63BF2D424D1331F003107F7 /* LaunchScreen.storyboard in Resources */,
				B63BF2D124D1331F003107F7 /* Assets.xcassets in Resources */,
				B63BF2CF24D1331E003107F7 /* Main.storyboard in Resources */,
			);
			runOnlyForDeploymentPostprocessing = 0;
		};
		B63BF2D824D1331F003107F7 /* Resources */ = {
			isa = PBXResourcesBuildPhase;
			buildActionMask = 2147483647;
			files = (
			);
			runOnlyForDeploymentPostprocessing = 0;
		};
/* End PBXResourcesBuildPhase section */

/* Begin PBXSourcesBuildPhase section */
		B63BF2C024D1331E003107F7 /* Sources */ = {
			isa = PBXSourcesBuildPhase;
			buildActionMask = 2147483647;
			files = (
				B6D285C524D33D16004B68F4 /* Repositorable.swift in Sources */,
				B6C91C7824D5B99E00B0424C /* SingleViewViewModel.swift in Sources */,
				B63BF2C824D1331E003107F7 /* AppDelegate.swift in Sources */,
				B619E01324D7FA66008E3353 /* UILabelExtension.swift in Sources */,
				B6EF72FF24D80EC900590BE9 /* CellConstants.swift in Sources */,
				B6BF71FF24D5F86100F1B918 /* SingleViewModelable.swift in Sources */,
				B6D285C924D33DD3004B68F4 /* PokedexViewModelable.swift in Sources */,
				B6B1597A24D415F700A7112F /* SearchViewable.swift in Sources */,
				B6B1597824D415C100A7112F /* SearchViewModel.swift in Sources */,
				B60B01D824D45806001E057C /* UIImageViewExtension.swift in Sources */,
				B629C39F24D4008900ECAF18 /* SearchViewController.swift in Sources */,
				B6C8D5F124D3592300F9CAC5 /* PokedexCollectionViewController.swift in Sources */,
				B6EF72FC24D80C1B00590BE9 /* StringExtension.swift in Sources */,
				B629C39824D3F9D300ECAF18 /* UIViewControllerExtension.swift in Sources */,
				B6BF720324D6047400F1B918 /* UICollectionViewExtension.swift in Sources */,
				B63BF2CA24D1331E003107F7 /* SceneDelegate.swift in Sources */,
				B65BFA3224D5F1AC00AF8AE2 /* SearchViewModelable.swift in Sources */,
				B6DF9A9924D1704300975DC2 /* PokemonResponseModel.swift in Sources */,
				B6DF9AA224D17B7A00975DC2 /* endpoints.swift in Sources */,
				B6DF9A9724D16E9700975DC2 /* HttpService.swift in Sources */,
				B6C91C7A24D5BA3600B0424C /* SingleViewable.swift in Sources */,
				B6DF9A9B24D171A400975DC2 /* httpServiceType.swift in Sources */,
				B6C8D5F424D3626A00F9CAC5 /* CollectionViewCell.swift in Sources */,
				B6D285C224D33CC7004B68F4 /* Repository.swift in Sources */,
				B62F3AB824D43F52009BE6D5 /* SingleViewViewController.swift in Sources */,
				B6C8D5EF24D3568500F9CAC5 /* SinglePokemonModel.swift in Sources */,
				B6D285C724D33D98004B68F4 /* PokedexViewModel.swift in Sources */,
				B6D285CB24D33E0A004B68F4 /* PokedexViewable.swift in Sources */,
			);
			runOnlyForDeploymentPostprocessing = 0;
		};
		B63BF2D624D1331F003107F7 /* Sources */ = {
			isa = PBXSourcesBuildPhase;
			buildActionMask = 2147483647;
			files = (
				B63BF2DF24D1331F003107F7 /* PokemonTests.swift in Sources */,
			);
			runOnlyForDeploymentPostprocessing = 0;
		};
/* End PBXSourcesBuildPhase section */

/* Begin PBXTargetDependency section */
		B63BF2DC24D1331F003107F7 /* PBXTargetDependency */ = {
			isa = PBXTargetDependency;
			target = B63BF2C324D1331E003107F7 /* Pokemon */;
			targetProxy = B63BF2DB24D1331F003107F7 /* PBXContainerItemProxy */;
		};
/* End PBXTargetDependency section */

/* Begin PBXVariantGroup section */
		B63BF2CD24D1331E003107F7 /* Main.storyboard */ = {
			isa = PBXVariantGroup;
			children = (
				B63BF2CE24D1331E003107F7 /* Base */,
			);
			name = Main.storyboard;
			sourceTree = "<group>";
		};
		B63BF2D224D1331F003107F7 /* LaunchScreen.storyboard */ = {
			isa = PBXVariantGroup;
			children = (
				B63BF2D324D1331F003107F7 /* Base */,
			);
			name = LaunchScreen.storyboard;
			sourceTree = "<group>";
		};
/* End PBXVariantGroup section */

/* Begin XCBuildConfiguration section */
		B63BF2E124D1331F003107F7 /* Debug */ = {
			isa = XCBuildConfiguration;
			buildSettings = {
				ALWAYS_SEARCH_USER_PATHS = NO;
				CLANG_ANALYZER_NONNULL = YES;
				CLANG_ANALYZER_NUMBER_OBJECT_CONVERSION = YES_AGGRESSIVE;
				CLANG_CXX_LANGUAGE_STANDARD = "gnu++14";
				CLANG_CXX_LIBRARY = "libc++";
				CLANG_ENABLE_MODULES = YES;
				CLANG_ENABLE_OBJC_ARC = YES;
				CLANG_ENABLE_OBJC_WEAK = YES;
				CLANG_WARN_BLOCK_CAPTURE_AUTORELEASING = YES;
				CLANG_WARN_BOOL_CONVERSION = YES;
				CLANG_WARN_COMMA = YES;
				CLANG_WARN_CONSTANT_CONVERSION = YES;
				CLANG_WARN_DEPRECATED_OBJC_IMPLEMENTATIONS = YES;
				CLANG_WARN_DIRECT_OBJC_ISA_USAGE = YES_ERROR;
				CLANG_WARN_DOCUMENTATION_COMMENTS = YES;
				CLANG_WARN_EMPTY_BODY = YES;
				CLANG_WARN_ENUM_CONVERSION = YES;
				CLANG_WARN_INFINITE_RECURSION = YES;
				CLANG_WARN_INT_CONVERSION = YES;
				CLANG_WARN_NON_LITERAL_NULL_CONVERSION = YES;
				CLANG_WARN_OBJC_IMPLICIT_RETAIN_SELF = YES;
				CLANG_WARN_OBJC_LITERAL_CONVERSION = YES;
				CLANG_WARN_OBJC_ROOT_CLASS = YES_ERROR;
				CLANG_WARN_RANGE_LOOP_ANALYSIS = YES;
				CLANG_WARN_STRICT_PROTOTYPES = YES;
				CLANG_WARN_SUSPICIOUS_MOVE = YES;
				CLANG_WARN_UNGUARDED_AVAILABILITY = YES_AGGRESSIVE;
				CLANG_WARN_UNREACHABLE_CODE = YES;
				CLANG_WARN__DUPLICATE_METHOD_MATCH = YES;
				COPY_PHASE_STRIP = NO;
				DEBUG_INFORMATION_FORMAT = dwarf;
				ENABLE_STRICT_OBJC_MSGSEND = YES;
				ENABLE_TESTABILITY = YES;
				GCC_C_LANGUAGE_STANDARD = gnu11;
				GCC_DYNAMIC_NO_PIC = NO;
				GCC_NO_COMMON_BLOCKS = YES;
				GCC_OPTIMIZATION_LEVEL = 0;
				GCC_PREPROCESSOR_DEFINITIONS = (
					"DEBUG=1",
					"$(inherited)",
				);
				GCC_WARN_64_TO_32_BIT_CONVERSION = YES;
				GCC_WARN_ABOUT_RETURN_TYPE = YES_ERROR;
				GCC_WARN_UNDECLARED_SELECTOR = YES;
				GCC_WARN_UNINITIALIZED_AUTOS = YES_AGGRESSIVE;
				GCC_WARN_UNUSED_FUNCTION = YES;
				GCC_WARN_UNUSED_VARIABLE = YES;
				IPHONEOS_DEPLOYMENT_TARGET = 13.5;
				MTL_ENABLE_DEBUG_INFO = INCLUDE_SOURCE;
				MTL_FAST_MATH = YES;
				ONLY_ACTIVE_ARCH = YES;
				SDKROOT = iphoneos;
				SWIFT_ACTIVE_COMPILATION_CONDITIONS = DEBUG;
				SWIFT_OPTIMIZATION_LEVEL = "-Onone";
			};
			name = Debug;
		};
		B63BF2E224D1331F003107F7 /* Release */ = {
			isa = XCBuildConfiguration;
			buildSettings = {
				ALWAYS_SEARCH_USER_PATHS = NO;
				CLANG_ANALYZER_NONNULL = YES;
				CLANG_ANALYZER_NUMBER_OBJECT_CONVERSION = YES_AGGRESSIVE;
				CLANG_CXX_LANGUAGE_STANDARD = "gnu++14";
				CLANG_CXX_LIBRARY = "libc++";
				CLANG_ENABLE_MODULES = YES;
				CLANG_ENABLE_OBJC_ARC = YES;
				CLANG_ENABLE_OBJC_WEAK = YES;
				CLANG_WARN_BLOCK_CAPTURE_AUTORELEASING = YES;
				CLANG_WARN_BOOL_CONVERSION = YES;
				CLANG_WARN_COMMA = YES;
				CLANG_WARN_CONSTANT_CONVERSION = YES;
				CLANG_WARN_DEPRECATED_OBJC_IMPLEMENTATIONS = YES;
				CLANG_WARN_DIRECT_OBJC_ISA_USAGE = YES_ERROR;
				CLANG_WARN_DOCUMENTATION_COMMENTS = YES;
				CLANG_WARN_EMPTY_BODY = YES;
				CLANG_WARN_ENUM_CONVERSION = YES;
				CLANG_WARN_INFINITE_RECURSION = YES;
				CLANG_WARN_INT_CONVERSION = YES;
				CLANG_WARN_NON_LITERAL_NULL_CONVERSION = YES;
				CLANG_WARN_OBJC_IMPLICIT_RETAIN_SELF = YES;
				CLANG_WARN_OBJC_LITERAL_CONVERSION = YES;
				CLANG_WARN_OBJC_ROOT_CLASS = YES_ERROR;
				CLANG_WARN_RANGE_LOOP_ANALYSIS = YES;
				CLANG_WARN_STRICT_PROTOTYPES = YES;
				CLANG_WARN_SUSPICIOUS_MOVE = YES;
				CLANG_WARN_UNGUARDED_AVAILABILITY = YES_AGGRESSIVE;
				CLANG_WARN_UNREACHABLE_CODE = YES;
				CLANG_WARN__DUPLICATE_METHOD_MATCH = YES;
				COPY_PHASE_STRIP = NO;
				DEBUG_INFORMATION_FORMAT = "dwarf-with-dsym";
				ENABLE_NS_ASSERTIONS = NO;
				ENABLE_STRICT_OBJC_MSGSEND = YES;
				GCC_C_LANGUAGE_STANDARD = gnu11;
				GCC_NO_COMMON_BLOCKS = YES;
				GCC_WARN_64_TO_32_BIT_CONVERSION = YES;
				GCC_WARN_ABOUT_RETURN_TYPE = YES_ERROR;
				GCC_WARN_UNDECLARED_SELECTOR = YES;
				GCC_WARN_UNINITIALIZED_AUTOS = YES_AGGRESSIVE;
				GCC_WARN_UNUSED_FUNCTION = YES;
				GCC_WARN_UNUSED_VARIABLE = YES;
				IPHONEOS_DEPLOYMENT_TARGET = 13.5;
				MTL_ENABLE_DEBUG_INFO = NO;
				MTL_FAST_MATH = YES;
				SDKROOT = iphoneos;
				SWIFT_COMPILATION_MODE = wholemodule;
				SWIFT_OPTIMIZATION_LEVEL = "-O";
				VALIDATE_PRODUCT = YES;
			};
			name = Release;
		};
		B63BF2E424D1331F003107F7 /* Debug */ = {
			isa = XCBuildConfiguration;
			buildSettings = {
				ASSETCATALOG_COMPILER_APPICON_NAME = AppIcon;
				CODE_SIGN_STYLE = Automatic;
				DEVELOPMENT_TEAM = GLK7J5PP82;
				INFOPLIST_FILE = Pokemon/Info.plist;
				LD_RUNPATH_SEARCH_PATHS = (
					"$(inherited)",
					"@executable_path/Frameworks",
				);
				PRODUCT_BUNDLE_IDENTIFIER = za.co.dvt.Pokemon;
				PRODUCT_NAME = "$(TARGET_NAME)";
				SWIFT_VERSION = 5.0;
				TARGETED_DEVICE_FAMILY = "1,2";
			};
			name = Debug;
		};
		B63BF2E524D1331F003107F7 /* Release */ = {
			isa = XCBuildConfiguration;
			buildSettings = {
				ASSETCATALOG_COMPILER_APPICON_NAME = AppIcon;
				CODE_SIGN_STYLE = Automatic;
				DEVELOPMENT_TEAM = GLK7J5PP82;
				INFOPLIST_FILE = Pokemon/Info.plist;
				LD_RUNPATH_SEARCH_PATHS = (
					"$(inherited)",
					"@executable_path/Frameworks",
				);
				PRODUCT_BUNDLE_IDENTIFIER = za.co.dvt.Pokemon;
				PRODUCT_NAME = "$(TARGET_NAME)";
				SWIFT_VERSION = 5.0;
				TARGETED_DEVICE_FAMILY = "1,2";
			};
			name = Release;
		};
		B63BF2E724D1331F003107F7 /* Debug */ = {
			isa = XCBuildConfiguration;
			buildSettings = {
				ALWAYS_EMBED_SWIFT_STANDARD_LIBRARIES = YES;
				BUNDLE_LOADER = "$(TEST_HOST)";
				CODE_SIGN_STYLE = Automatic;
				DEVELOPMENT_TEAM = GLK7J5PP82;
				INFOPLIST_FILE = PokemonTests/Info.plist;
				IPHONEOS_DEPLOYMENT_TARGET = 13.5;
				LD_RUNPATH_SEARCH_PATHS = (
					"$(inherited)",
					"@executable_path/Frameworks",
					"@loader_path/Frameworks",
				);
				PRODUCT_BUNDLE_IDENTIFIER = za.co.dvt.PokemonTests;
				PRODUCT_NAME = "$(TARGET_NAME)";
				SWIFT_VERSION = 5.0;
				TARGETED_DEVICE_FAMILY = "1,2";
				TEST_HOST = "$(BUILT_PRODUCTS_DIR)/Pokemon.app/Pokemon";
			};
			name = Debug;
		};
		B63BF2E824D1331F003107F7 /* Release */ = {
			isa = XCBuildConfiguration;
			buildSettings = {
				ALWAYS_EMBED_SWIFT_STANDARD_LIBRARIES = YES;
				BUNDLE_LOADER = "$(TEST_HOST)";
				CODE_SIGN_STYLE = Automatic;
				DEVELOPMENT_TEAM = GLK7J5PP82;
				INFOPLIST_FILE = PokemonTests/Info.plist;
				IPHONEOS_DEPLOYMENT_TARGET = 13.5;
				LD_RUNPATH_SEARCH_PATHS = (
					"$(inherited)",
					"@executable_path/Frameworks",
					"@loader_path/Frameworks",
				);
				PRODUCT_BUNDLE_IDENTIFIER = za.co.dvt.PokemonTests;
				PRODUCT_NAME = "$(TARGET_NAME)";
				SWIFT_VERSION = 5.0;
				TARGETED_DEVICE_FAMILY = "1,2";
				TEST_HOST = "$(BUILT_PRODUCTS_DIR)/Pokemon.app/Pokemon";
			};
			name = Release;
		};
/* End XCBuildConfiguration section */

/* Begin XCConfigurationList section */
		B63BF2BF24D1331E003107F7 /* Build configuration list for PBXProject "Pokemon" */ = {
			isa = XCConfigurationList;
			buildConfigurations = (
				B63BF2E124D1331F003107F7 /* Debug */,
				B63BF2E224D1331F003107F7 /* Release */,
			);
			defaultConfigurationIsVisible = 0;
			defaultConfigurationName = Release;
		};
		B63BF2E324D1331F003107F7 /* Build configuration list for PBXNativeTarget "Pokemon" */ = {
			isa = XCConfigurationList;
			buildConfigurations = (
				B63BF2E424D1331F003107F7 /* Debug */,
				B63BF2E524D1331F003107F7 /* Release */,
			);
			defaultConfigurationIsVisible = 0;
			defaultConfigurationName = Release;
		};
		B63BF2E624D1331F003107F7 /* Build configuration list for PBXNativeTarget "PokemonTests" */ = {
			isa = XCConfigurationList;
			buildConfigurations = (
				B63BF2E724D1331F003107F7 /* Debug */,
				B63BF2E824D1331F003107F7 /* Release */,
			);
			defaultConfigurationIsVisible = 0;
			defaultConfigurationName = Release;
		};
/* End XCConfigurationList section */
	};
	rootObject = B63BF2BC24D1331E003107F7 /* Project object */;
}
